// !$*UTF8*$!
{
	archiveVersion = 1;
	classes = {
	};
	objectVersion = 56;
	objects = {

/* Begin PBXBuildFile section */
		911754912C1E54A7002F2AED /* WidgetKit.framework in Frameworks */ = {isa = PBXBuildFile; fileRef = 911754902C1E54A7002F2AED /* WidgetKit.framework */; };
		911754932C1E54A7002F2AED /* SwiftUI.framework in Frameworks */ = {isa = PBXBuildFile; fileRef = 911754922C1E54A7002F2AED /* SwiftUI.framework */; };
		911754962C1E54A7002F2AED /* Complication.swift in Sources */ = {isa = PBXBuildFile; fileRef = 911754952C1E54A7002F2AED /* Complication.swift */; };
		911754982C1E54A8002F2AED /* Assets.xcassets in Resources */ = {isa = PBXBuildFile; fileRef = 911754972C1E54A8002F2AED /* Assets.xcassets */; };
		9117549C2C1E54A8002F2AED /* ComplicationExtension.appex in Embed Foundation Extensions */ = {isa = PBXBuildFile; fileRef = 9117548E2C1E54A7002F2AED /* ComplicationExtension.appex */; settings = {ATTRIBUTES = (RemoveHeadersOnCopy, ); }; };
		911CA27A2C37740B00DB989B /* WeatherData.swift in Sources */ = {isa = PBXBuildFile; fileRef = 911CA2792C37740B00DB989B /* WeatherData.swift */; };
		911CA27B2C37740B00DB989B /* WeatherData.swift in Sources */ = {isa = PBXBuildFile; fileRef = 911CA2792C37740B00DB989B /* WeatherData.swift */; };
		911CA27D2C37744D00DB989B /* LocationFetcher.swift in Sources */ = {isa = PBXBuildFile; fileRef = 911CA27C2C37744D00DB989B /* LocationFetcher.swift */; };
		911CA27E2C37744D00DB989B /* LocationFetcher.swift in Sources */ = {isa = PBXBuildFile; fileRef = 911CA27C2C37744D00DB989B /* LocationFetcher.swift */; };
		911CA2802C37758000DB989B /* WeatherView.swift in Sources */ = {isa = PBXBuildFile; fileRef = 911CA27F2C37758000DB989B /* WeatherView.swift */; };
		911CA2812C37758000DB989B /* WeatherView.swift in Sources */ = {isa = PBXBuildFile; fileRef = 911CA27F2C37758000DB989B /* WeatherView.swift */; };
		911CA2832C37761B00DB989B /* WeatherErrorView.swift in Sources */ = {isa = PBXBuildFile; fileRef = 911CA2822C37761B00DB989B /* WeatherErrorView.swift */; };
		911CA2842C37761B00DB989B /* WeatherErrorView.swift in Sources */ = {isa = PBXBuildFile; fileRef = 911CA2822C37761B00DB989B /* WeatherErrorView.swift */; };
		91555A732C1E438700C8300F /* Watch App.app in Embed Watch Content */ = {isa = PBXBuildFile; fileRef = 91555A722C1E438700C8300F /* Watch App.app */; settings = {ATTRIBUTES = (RemoveHeadersOnCopy, ); }; };
		91555A782C1E438700C8300F /* WeatherTextWatchApp.swift in Sources */ = {isa = PBXBuildFile; fileRef = 91555A772C1E438700C8300F /* WeatherTextWatchApp.swift */; };
		91555A7A2C1E438700C8300F /* ContentView.swift in Sources */ = {isa = PBXBuildFile; fileRef = 91555A792C1E438700C8300F /* ContentView.swift */; };
		91555A7C2C1E438800C8300F /* Assets.xcassets in Resources */ = {isa = PBXBuildFile; fileRef = 91555A7B2C1E438800C8300F /* Assets.xcassets */; };
		91555A7F2C1E438800C8300F /* Preview Assets.xcassets in Resources */ = {isa = PBXBuildFile; fileRef = 91555A7E2C1E438800C8300F /* Preview Assets.xcassets */; };
		91CB45BD2C1E6577009994FA /* LocationDataManager.swift in Sources */ = {isa = PBXBuildFile; fileRef = 91CB45BC2C1E6577009994FA /* LocationDataManager.swift */; };
/* End PBXBuildFile section */

/* Begin PBXContainerItemProxy section */
		9117549A2C1E54A8002F2AED /* PBXContainerItemProxy */ = {
			isa = PBXContainerItemProxy;
			containerPortal = 91555A662C1E438700C8300F /* Project object */;
			proxyType = 1;
			remoteGlobalIDString = 9117548D2C1E54A7002F2AED;
			remoteInfo = ComplicationExtension;
		};
		91555A742C1E438700C8300F /* PBXContainerItemProxy */ = {
			isa = PBXContainerItemProxy;
			containerPortal = 91555A662C1E438700C8300F /* Project object */;
			proxyType = 1;
			remoteGlobalIDString = 91555A712C1E438700C8300F;
			remoteInfo = "Weather Text Watch App";
		};
/* End PBXContainerItemProxy section */

/* Begin PBXCopyFilesBuildPhase section */
		9117549D2C1E54A8002F2AED /* Embed Foundation Extensions */ = {
			isa = PBXCopyFilesBuildPhase;
			buildActionMask = 2147483647;
			dstPath = "";
			dstSubfolderSpec = 13;
			files = (
				9117549C2C1E54A8002F2AED /* ComplicationExtension.appex in Embed Foundation Extensions */,
			);
			name = "Embed Foundation Extensions";
			runOnlyForDeploymentPostprocessing = 0;
		};
		91555A852C1E438800C8300F /* Embed Watch Content */ = {
			isa = PBXCopyFilesBuildPhase;
			buildActionMask = 2147483647;
			dstPath = "$(CONTENTS_FOLDER_PATH)/Watch";
			dstSubfolderSpec = 16;
			files = (
				91555A732C1E438700C8300F /* Watch App.app in Embed Watch Content */,
			);
			name = "Embed Watch Content";
			runOnlyForDeploymentPostprocessing = 0;
		};
/* End PBXCopyFilesBuildPhase section */

/* Begin PBXFileReference section */
		9117548E2C1E54A7002F2AED /* ComplicationExtension.appex */ = {isa = PBXFileReference; explicitFileType = "wrapper.app-extension"; includeInIndex = 0; path = ComplicationExtension.appex; sourceTree = BUILT_PRODUCTS_DIR; };
		911754902C1E54A7002F2AED /* WidgetKit.framework */ = {isa = PBXFileReference; lastKnownFileType = wrapper.framework; name = WidgetKit.framework; path = System/Library/Frameworks/WidgetKit.framework; sourceTree = SDKROOT; };
		911754922C1E54A7002F2AED /* SwiftUI.framework */ = {isa = PBXFileReference; lastKnownFileType = wrapper.framework; name = SwiftUI.framework; path = System/Library/Frameworks/SwiftUI.framework; sourceTree = SDKROOT; };
		911754952C1E54A7002F2AED /* Complication.swift */ = {isa = PBXFileReference; lastKnownFileType = sourcecode.swift; path = Complication.swift; sourceTree = "<group>"; };
		911754972C1E54A8002F2AED /* Assets.xcassets */ = {isa = PBXFileReference; lastKnownFileType = folder.assetcatalog; path = Assets.xcassets; sourceTree = "<group>"; };
		911754992C1E54A8002F2AED /* Info.plist */ = {isa = PBXFileReference; lastKnownFileType = text.plist.xml; path = Info.plist; sourceTree = "<group>"; };
		911754A12C1E5967002F2AED /* ComplicationExtension.entitlements */ = {isa = PBXFileReference; lastKnownFileType = text.plist.entitlements; path = ComplicationExtension.entitlements; sourceTree = "<group>"; };
		911754A22C1E5B5F002F2AED /* Watch App.entitlements */ = {isa = PBXFileReference; lastKnownFileType = text.plist.entitlements; path = "Watch App.entitlements"; sourceTree = "<group>"; };
		911CA2792C37740B00DB989B /* WeatherData.swift */ = {isa = PBXFileReference; lastKnownFileType = sourcecode.swift; path = WeatherData.swift; sourceTree = "<group>"; };
		911CA27C2C37744D00DB989B /* LocationFetcher.swift */ = {isa = PBXFileReference; lastKnownFileType = sourcecode.swift; path = LocationFetcher.swift; sourceTree = "<group>"; };
		911CA27F2C37758000DB989B /* WeatherView.swift */ = {isa = PBXFileReference; lastKnownFileType = sourcecode.swift; path = WeatherView.swift; sourceTree = "<group>"; };
		911CA2822C37761B00DB989B /* WeatherErrorView.swift */ = {isa = PBXFileReference; lastKnownFileType = sourcecode.swift; path = WeatherErrorView.swift; sourceTree = "<group>"; };
		91555A6C2C1E438700C8300F /* Weather Text.app */ = {isa = PBXFileReference; explicitFileType = wrapper.application; includeInIndex = 0; path = "Weather Text.app"; sourceTree = BUILT_PRODUCTS_DIR; };
		91555A722C1E438700C8300F /* Watch App.app */ = {isa = PBXFileReference; explicitFileType = wrapper.application; includeInIndex = 0; path = "Watch App.app"; sourceTree = BUILT_PRODUCTS_DIR; };
		91555A772C1E438700C8300F /* WeatherTextWatchApp.swift */ = {isa = PBXFileReference; lastKnownFileType = sourcecode.swift; path = WeatherTextWatchApp.swift; sourceTree = "<group>"; };
		91555A792C1E438700C8300F /* ContentView.swift */ = {isa = PBXFileReference; lastKnownFileType = sourcecode.swift; path = ContentView.swift; sourceTree = "<group>"; };
		91555A7B2C1E438800C8300F /* Assets.xcassets */ = {isa = PBXFileReference; lastKnownFileType = folder.assetcatalog; path = Assets.xcassets; sourceTree = "<group>"; };
		91555A7E2C1E438800C8300F /* Preview Assets.xcassets */ = {isa = PBXFileReference; lastKnownFileType = folder.assetcatalog; path = "Preview Assets.xcassets"; sourceTree = "<group>"; };
		91CB45BC2C1E6577009994FA /* LocationDataManager.swift */ = {isa = PBXFileReference; lastKnownFileType = sourcecode.swift; path = LocationDataManager.swift; sourceTree = "<group>"; };
/* End PBXFileReference section */

/* Begin PBXFrameworksBuildPhase section */
		9117548B2C1E54A7002F2AED /* Frameworks */ = {
			isa = PBXFrameworksBuildPhase;
			buildActionMask = 2147483647;
			files = (
				911754932C1E54A7002F2AED /* SwiftUI.framework in Frameworks */,
				911754912C1E54A7002F2AED /* WidgetKit.framework in Frameworks */,
			);
			runOnlyForDeploymentPostprocessing = 0;
		};
		91555A6F2C1E438700C8300F /* Frameworks */ = {
			isa = PBXFrameworksBuildPhase;
			buildActionMask = 2147483647;
			files = (
			);
			runOnlyForDeploymentPostprocessing = 0;
		};
/* End PBXFrameworksBuildPhase section */

/* Begin PBXGroup section */
		9117548F2C1E54A7002F2AED /* Frameworks */ = {
			isa = PBXGroup;
			children = (
				911754902C1E54A7002F2AED /* WidgetKit.framework */,
				911754922C1E54A7002F2AED /* SwiftUI.framework */,
			);
			name = Frameworks;
			sourceTree = "<group>";
		};
		911754942C1E54A7002F2AED /* Complication */ = {
			isa = PBXGroup;
			children = (
				911754972C1E54A8002F2AED /* Assets.xcassets */,
				911754952C1E54A7002F2AED /* Complication.swift */,
				911754A12C1E5967002F2AED /* ComplicationExtension.entitlements */,
				911754992C1E54A8002F2AED /* Info.plist */,
			);
			path = Complication;
			sourceTree = "<group>";
		};
		911CA2782C3773CE00DB989B /* Shared */ = {
			isa = PBXGroup;
			children = (
				911CA2792C37740B00DB989B /* WeatherData.swift */,
				911CA27C2C37744D00DB989B /* LocationFetcher.swift */,
				911CA27F2C37758000DB989B /* WeatherView.swift */,
				911CA2822C37761B00DB989B /* WeatherErrorView.swift */,
			);
			path = Shared;
			sourceTree = "<group>";
		};
		91555A652C1E438700C8300F = {
			isa = PBXGroup;
			children = (
				911CA2782C3773CE00DB989B /* Shared */,
				91555A762C1E438700C8300F /* Weather Text */,
				911754942C1E54A7002F2AED /* Complication */,
				9117548F2C1E54A7002F2AED /* Frameworks */,
				91555A6D2C1E438700C8300F /* Products */,
			);
			sourceTree = "<group>";
		};
		91555A6D2C1E438700C8300F /* Products */ = {
			isa = PBXGroup;
			children = (
				91555A6C2C1E438700C8300F /* Weather Text.app */,
				91555A722C1E438700C8300F /* Watch App.app */,
				9117548E2C1E54A7002F2AED /* ComplicationExtension.appex */,
			);
			name = Products;
			sourceTree = "<group>";
		};
		91555A762C1E438700C8300F /* Weather Text */ = {
			isa = PBXGroup;
			children = (
				91555A7B2C1E438800C8300F /* Assets.xcassets */,
				91555A792C1E438700C8300F /* ContentView.swift */,
				91555A7D2C1E438800C8300F /* Preview Content */,
				911754A22C1E5B5F002F2AED /* Watch App.entitlements */,
				91555A772C1E438700C8300F /* WeatherTextWatchApp.swift */,
				91CB45BC2C1E6577009994FA /* LocationDataManager.swift */,
			);
			path = "Weather Text";
			sourceTree = "<group>";
		};
		91555A7D2C1E438800C8300F /* Preview Content */ = {
			isa = PBXGroup;
			children = (
				91555A7E2C1E438800C8300F /* Preview Assets.xcassets */,
			);
			path = "Preview Content";
			sourceTree = "<group>";
		};
/* End PBXGroup section */

/* Begin PBXNativeTarget section */
		9117548D2C1E54A7002F2AED /* ComplicationExtension */ = {
			isa = PBXNativeTarget;
			buildConfigurationList = 911754A02C1E54A8002F2AED /* Build configuration list for PBXNativeTarget "ComplicationExtension" */;
			buildPhases = (
				9117548A2C1E54A7002F2AED /* Sources */,
				9117548B2C1E54A7002F2AED /* Frameworks */,
				9117548C2C1E54A7002F2AED /* Resources */,
			);
			buildRules = (
			);
			dependencies = (
			);
			name = ComplicationExtension;
			productName = ComplicationExtension;
			productReference = 9117548E2C1E54A7002F2AED /* ComplicationExtension.appex */;
			productType = "com.apple.product-type.app-extension";
		};
		91555A6B2C1E438700C8300F /* Weather Text */ = {
			isa = PBXNativeTarget;
			buildConfigurationList = 91555A862C1E438800C8300F /* Build configuration list for PBXNativeTarget "Weather Text" */;
			buildPhases = (
				91555A6A2C1E438700C8300F /* Resources */,
				91555A852C1E438800C8300F /* Embed Watch Content */,
			);
			buildRules = (
			);
			dependencies = (
				91555A752C1E438700C8300F /* PBXTargetDependency */,
			);
			name = "Weather Text";
			productName = "Weather Text";
			productReference = 91555A6C2C1E438700C8300F /* Weather Text.app */;
			productType = "com.apple.product-type.application.watchapp2-container";
		};
		91555A712C1E438700C8300F /* Watch App */ = {
			isa = PBXNativeTarget;
			buildConfigurationList = 91555A822C1E438800C8300F /* Build configuration list for PBXNativeTarget "Watch App" */;
			buildPhases = (
				91555A6E2C1E438700C8300F /* Sources */,
				91555A6F2C1E438700C8300F /* Frameworks */,
				91555A702C1E438700C8300F /* Resources */,
				9117549D2C1E54A8002F2AED /* Embed Foundation Extensions */,
			);
			buildRules = (
			);
			dependencies = (
				9117549B2C1E54A8002F2AED /* PBXTargetDependency */,
			);
			name = "Watch App";
			productName = "Weather Text Watch App";
			productReference = 91555A722C1E438700C8300F /* Watch App.app */;
			productType = "com.apple.product-type.application";
		};
/* End PBXNativeTarget section */

/* Begin PBXProject section */
		91555A662C1E438700C8300F /* Project object */ = {
			isa = PBXProject;
			attributes = {
				BuildIndependentTargetsInParallel = 1;
				LastSwiftUpdateCheck = 1540;
				LastUpgradeCheck = 1540;
				TargetAttributes = {
					9117548D2C1E54A7002F2AED = {
						CreatedOnToolsVersion = 15.4;
					};
					91555A6B2C1E438700C8300F = {
						CreatedOnToolsVersion = 15.4;
					};
					91555A712C1E438700C8300F = {
						CreatedOnToolsVersion = 15.4;
					};
				};
			};
			buildConfigurationList = 91555A692C1E438700C8300F /* Build configuration list for PBXProject "Weather Text" */;
			compatibilityVersion = "Xcode 14.0";
			developmentRegion = en;
			hasScannedForEncodings = 0;
			knownRegions = (
				en,
				Base,
			);
			mainGroup = 91555A652C1E438700C8300F;
			productRefGroup = 91555A6D2C1E438700C8300F /* Products */;
			projectDirPath = "";
			projectRoot = "";
			targets = (
				91555A6B2C1E438700C8300F /* Weather Text */,
				91555A712C1E438700C8300F /* Watch App */,
				9117548D2C1E54A7002F2AED /* ComplicationExtension */,
			);
		};
/* End PBXProject section */

/* Begin PBXResourcesBuildPhase section */
		9117548C2C1E54A7002F2AED /* Resources */ = {
			isa = PBXResourcesBuildPhase;
			buildActionMask = 2147483647;
			files = (
				911754982C1E54A8002F2AED /* Assets.xcassets in Resources */,
			);
			runOnlyForDeploymentPostprocessing = 0;
		};
		91555A6A2C1E438700C8300F /* Resources */ = {
			isa = PBXResourcesBuildPhase;
			buildActionMask = 2147483647;
			files = (
			);
			runOnlyForDeploymentPostprocessing = 0;
		};
		91555A702C1E438700C8300F /* Resources */ = {
			isa = PBXResourcesBuildPhase;
			buildActionMask = 2147483647;
			files = (
				91555A7F2C1E438800C8300F /* Preview Assets.xcassets in Resources */,
				91555A7C2C1E438800C8300F /* Assets.xcassets in Resources */,
			);
			runOnlyForDeploymentPostprocessing = 0;
		};
/* End PBXResourcesBuildPhase section */

/* Begin PBXSourcesBuildPhase section */
		9117548A2C1E54A7002F2AED /* Sources */ = {
			isa = PBXSourcesBuildPhase;
			buildActionMask = 2147483647;
			files = (
				911CA27B2C37740B00DB989B /* WeatherData.swift in Sources */,
				911754962C1E54A7002F2AED /* Complication.swift in Sources */,
				911CA27E2C37744D00DB989B /* LocationFetcher.swift in Sources */,
				911CA2842C37761B00DB989B /* WeatherErrorView.swift in Sources */,
				911CA2812C37758000DB989B /* WeatherView.swift in Sources */,
			);
			runOnlyForDeploymentPostprocessing = 0;
		};
		91555A6E2C1E438700C8300F /* Sources */ = {
			isa = PBXSourcesBuildPhase;
			buildActionMask = 2147483647;
			files = (
				91555A7A2C1E438700C8300F /* ContentView.swift in Sources */,
				91CB45BD2C1E6577009994FA /* LocationDataManager.swift in Sources */,
				911CA27D2C37744D00DB989B /* LocationFetcher.swift in Sources */,
				911CA2802C37758000DB989B /* WeatherView.swift in Sources */,
				911CA2832C37761B00DB989B /* WeatherErrorView.swift in Sources */,
				911CA27A2C37740B00DB989B /* WeatherData.swift in Sources */,
				91555A782C1E438700C8300F /* WeatherTextWatchApp.swift in Sources */,
			);
			runOnlyForDeploymentPostprocessing = 0;
		};
/* End PBXSourcesBuildPhase section */

/* Begin PBXTargetDependency section */
		9117549B2C1E54A8002F2AED /* PBXTargetDependency */ = {
			isa = PBXTargetDependency;
			target = 9117548D2C1E54A7002F2AED /* ComplicationExtension */;
			targetProxy = 9117549A2C1E54A8002F2AED /* PBXContainerItemProxy */;
		};
		91555A752C1E438700C8300F /* PBXTargetDependency */ = {
			isa = PBXTargetDependency;
			target = 91555A712C1E438700C8300F /* Watch App */;
			targetProxy = 91555A742C1E438700C8300F /* PBXContainerItemProxy */;
		};
/* End PBXTargetDependency section */

/* Begin XCBuildConfiguration section */
		9117549E2C1E54A8002F2AED /* Debug */ = {
			isa = XCBuildConfiguration;
			buildSettings = {
				ASSETCATALOG_COMPILER_GLOBAL_ACCENT_COLOR_NAME = AccentColor;
				ASSETCATALOG_COMPILER_WIDGET_BACKGROUND_COLOR_NAME = WidgetBackground;
				CODE_SIGN_ENTITLEMENTS = Complication/ComplicationExtension.entitlements;
				CODE_SIGN_IDENTITY = "Apple Development";
				CODE_SIGN_STYLE = Automatic;
				CURRENT_PROJECT_VERSION = 1;
				DEVELOPMENT_TEAM = TG8S2SXA4G;
				GENERATE_INFOPLIST_FILE = YES;
				INFOPLIST_FILE = Complication/Info.plist;
				INFOPLIST_KEY_CFBundleDisplayName = Complication;
				INFOPLIST_KEY_NSHumanReadableCopyright = "";
				INFOPLIST_KEY_NSLocationAlwaysAndWhenInUseUsageDescription = "Show weather in the complication";
				INFOPLIST_KEY_NSLocationWhenInUseUsageDescription = "Show weather in the complication";
				LD_RUNPATH_SEARCH_PATHS = (
					"$(inherited)",
					"@executable_path/Frameworks",
					"@executable_path/../../Frameworks",
					"@executable_path/../../../../Frameworks",
				);
				MARKETING_VERSION = 1.0;
				PRODUCT_BUNDLE_IDENTIFIER = "info.persistent.Weather-Text.watchkitapp.ComplicationExtension";
				PRODUCT_NAME = "$(TARGET_NAME)";
				PROVISIONING_PROFILE_SPECIFIER = "";
				SDKROOT = watchos;
				SKIP_INSTALL = YES;
				SWIFT_EMIT_LOC_STRINGS = YES;
				SWIFT_VERSION = 5.0;
				TARGETED_DEVICE_FAMILY = 4;
				WATCHOS_DEPLOYMENT_TARGET = 10.5;
			};
			name = Debug;
		};
		9117549F2C1E54A8002F2AED /* Release */ = {
			isa = XCBuildConfiguration;
			buildSettings = {
				ASSETCATALOG_COMPILER_GLOBAL_ACCENT_COLOR_NAME = AccentColor;
				ASSETCATALOG_COMPILER_WIDGET_BACKGROUND_COLOR_NAME = WidgetBackground;
				CODE_SIGN_ENTITLEMENTS = Complication/ComplicationExtension.entitlements;
				CODE_SIGN_IDENTITY = "Apple Development";
				CODE_SIGN_STYLE = Automatic;
				CURRENT_PROJECT_VERSION = 1;
				DEVELOPMENT_TEAM = TG8S2SXA4G;
				GENERATE_INFOPLIST_FILE = YES;
				INFOPLIST_FILE = Complication/Info.plist;
				INFOPLIST_KEY_CFBundleDisplayName = Complication;
				INFOPLIST_KEY_NSHumanReadableCopyright = "";
				INFOPLIST_KEY_NSLocationAlwaysAndWhenInUseUsageDescription = "Show weather in the complication";
				INFOPLIST_KEY_NSLocationWhenInUseUsageDescription = "Show weather in the complication";
				LD_RUNPATH_SEARCH_PATHS = (
					"$(inherited)",
					"@executable_path/Frameworks",
					"@executable_path/../../Frameworks",
					"@executable_path/../../../../Frameworks",
				);
				MARKETING_VERSION = 1.0;
				PRODUCT_BUNDLE_IDENTIFIER = "info.persistent.Weather-Text.watchkitapp.ComplicationExtension";
				PRODUCT_NAME = "$(TARGET_NAME)";
				PROVISIONING_PROFILE_SPECIFIER = "";
				SDKROOT = watchos;
				SKIP_INSTALL = YES;
				SWIFT_EMIT_LOC_STRINGS = YES;
				SWIFT_VERSION = 5.0;
				TARGETED_DEVICE_FAMILY = 4;
				VALIDATE_PRODUCT = YES;
				WATCHOS_DEPLOYMENT_TARGET = 10.5;
			};
			name = Release;
		};
		91555A802C1E438800C8300F /* Debug */ = {
			isa = XCBuildConfiguration;
			buildSettings = {
				ALWAYS_SEARCH_USER_PATHS = NO;
				ASSETCATALOG_COMPILER_GENERATE_SWIFT_ASSET_SYMBOL_EXTENSIONS = YES;
				CLANG_ANALYZER_NONNULL = YES;
				CLANG_ANALYZER_NUMBER_OBJECT_CONVERSION = YES_AGGRESSIVE;
				CLANG_CXX_LANGUAGE_STANDARD = "gnu++20";
				CLANG_ENABLE_MODULES = YES;
				CLANG_ENABLE_OBJC_ARC = YES;
				CLANG_ENABLE_OBJC_WEAK = YES;
				CLANG_WARN_BLOCK_CAPTURE_AUTORELEASING = YES;
				CLANG_WARN_BOOL_CONVERSION = YES;
				CLANG_WARN_COMMA = YES;
				CLANG_WARN_CONSTANT_CONVERSION = YES;
				CLANG_WARN_DEPRECATED_OBJC_IMPLEMENTATIONS = YES;
				CLANG_WARN_DIRECT_OBJC_ISA_USAGE = YES_ERROR;
				CLANG_WARN_DOCUMENTATION_COMMENTS = YES;
				CLANG_WARN_EMPTY_BODY = YES;
				CLANG_WARN_ENUM_CONVERSION = YES;
				CLANG_WARN_INFINITE_RECURSION = YES;
				CLANG_WARN_INT_CONVERSION = YES;
				CLANG_WARN_NON_LITERAL_NULL_CONVERSION = YES;
				CLANG_WARN_OBJC_IMPLICIT_RETAIN_SELF = YES;
				CLANG_WARN_OBJC_LITERAL_CONVERSION = YES;
				CLANG_WARN_OBJC_ROOT_CLASS = YES_ERROR;
				CLANG_WARN_QUOTED_INCLUDE_IN_FRAMEWORK_HEADER = YES;
				CLANG_WARN_RANGE_LOOP_ANALYSIS = YES;
				CLANG_WARN_STRICT_PROTOTYPES = YES;
				CLANG_WARN_SUSPICIOUS_MOVE = YES;
				CLANG_WARN_UNGUARDED_AVAILABILITY = YES_AGGRESSIVE;
				CLANG_WARN_UNREACHABLE_CODE = YES;
				CLANG_WARN__DUPLICATE_METHOD_MATCH = YES;
				COPY_PHASE_STRIP = NO;
				DEBUG_INFORMATION_FORMAT = dwarf;
				ENABLE_STRICT_OBJC_MSGSEND = YES;
				ENABLE_TESTABILITY = YES;
				ENABLE_USER_SCRIPT_SANDBOXING = YES;
				GCC_C_LANGUAGE_STANDARD = gnu17;
				GCC_DYNAMIC_NO_PIC = NO;
				GCC_NO_COMMON_BLOCKS = YES;
				GCC_OPTIMIZATION_LEVEL = 0;
				GCC_PREPROCESSOR_DEFINITIONS = (
					"DEBUG=1",
					"$(inherited)",
				);
				GCC_WARN_64_TO_32_BIT_CONVERSION = YES;
				GCC_WARN_ABOUT_RETURN_TYPE = YES_ERROR;
				GCC_WARN_UNDECLARED_SELECTOR = YES;
				GCC_WARN_UNINITIALIZED_AUTOS = YES_AGGRESSIVE;
				GCC_WARN_UNUSED_FUNCTION = YES;
				GCC_WARN_UNUSED_VARIABLE = YES;
				LOCALIZATION_PREFERS_STRING_CATALOGS = YES;
				MTL_ENABLE_DEBUG_INFO = INCLUDE_SOURCE;
				MTL_FAST_MATH = YES;
				ONLY_ACTIVE_ARCH = YES;
				SWIFT_ACTIVE_COMPILATION_CONDITIONS = "DEBUG $(inherited)";
				SWIFT_OPTIMIZATION_LEVEL = "-Onone";
			};
			name = Debug;
		};
		91555A812C1E438800C8300F /* Release */ = {
			isa = XCBuildConfiguration;
			buildSettings = {
				ALWAYS_SEARCH_USER_PATHS = NO;
				ASSETCATALOG_COMPILER_GENERATE_SWIFT_ASSET_SYMBOL_EXTENSIONS = YES;
				CLANG_ANALYZER_NONNULL = YES;
				CLANG_ANALYZER_NUMBER_OBJECT_CONVERSION = YES_AGGRESSIVE;
				CLANG_CXX_LANGUAGE_STANDARD = "gnu++20";
				CLANG_ENABLE_MODULES = YES;
				CLANG_ENABLE_OBJC_ARC = YES;
				CLANG_ENABLE_OBJC_WEAK = YES;
				CLANG_WARN_BLOCK_CAPTURE_AUTORELEASING = YES;
				CLANG_WARN_BOOL_CONVERSION = YES;
				CLANG_WARN_COMMA = YES;
				CLANG_WARN_CONSTANT_CONVERSION = YES;
				CLANG_WARN_DEPRECATED_OBJC_IMPLEMENTATIONS = YES;
				CLANG_WARN_DIRECT_OBJC_ISA_USAGE = YES_ERROR;
				CLANG_WARN_DOCUMENTATION_COMMENTS = YES;
				CLANG_WARN_EMPTY_BODY = YES;
				CLANG_WARN_ENUM_CONVERSION = YES;
				CLANG_WARN_INFINITE_RECURSION = YES;
				CLANG_WARN_INT_CONVERSION = YES;
				CLANG_WARN_NON_LITERAL_NULL_CONVERSION = YES;
				CLANG_WARN_OBJC_IMPLICIT_RETAIN_SELF = YES;
				CLANG_WARN_OBJC_LITERAL_CONVERSION = YES;
				CLANG_WARN_OBJC_ROOT_CLASS = YES_ERROR;
				CLANG_WARN_QUOTED_INCLUDE_IN_FRAMEWORK_HEADER = YES;
				CLANG_WARN_RANGE_LOOP_ANALYSIS = YES;
				CLANG_WARN_STRICT_PROTOTYPES = YES;
				CLANG_WARN_SUSPICIOUS_MOVE = YES;
				CLANG_WARN_UNGUARDED_AVAILABILITY = YES_AGGRESSIVE;
				CLANG_WARN_UNREACHABLE_CODE = YES;
				CLANG_WARN__DUPLICATE_METHOD_MATCH = YES;
				COPY_PHASE_STRIP = NO;
				DEBUG_INFORMATION_FORMAT = "dwarf-with-dsym";
				ENABLE_NS_ASSERTIONS = NO;
				ENABLE_STRICT_OBJC_MSGSEND = YES;
				ENABLE_USER_SCRIPT_SANDBOXING = YES;
				GCC_C_LANGUAGE_STANDARD = gnu17;
				GCC_NO_COMMON_BLOCKS = YES;
				GCC_WARN_64_TO_32_BIT_CONVERSION = YES;
				GCC_WARN_ABOUT_RETURN_TYPE = YES_ERROR;
				GCC_WARN_UNDECLARED_SELECTOR = YES;
				GCC_WARN_UNINITIALIZED_AUTOS = YES_AGGRESSIVE;
				GCC_WARN_UNUSED_FUNCTION = YES;
				GCC_WARN_UNUSED_VARIABLE = YES;
				LOCALIZATION_PREFERS_STRING_CATALOGS = YES;
				MTL_ENABLE_DEBUG_INFO = NO;
				MTL_FAST_MATH = YES;
				SWIFT_COMPILATION_MODE = wholemodule;
			};
			name = Release;
		};
		91555A832C1E438800C8300F /* Debug */ = {
			isa = XCBuildConfiguration;
			buildSettings = {
				ALWAYS_EMBED_SWIFT_STANDARD_LIBRARIES = YES;
				ASSETCATALOG_COMPILER_APPICON_NAME = AppIcon;
				ASSETCATALOG_COMPILER_GLOBAL_ACCENT_COLOR_NAME = AccentColor;
				CODE_SIGN_ENTITLEMENTS = "Weather Text/Watch App.entitlements";
				CODE_SIGN_STYLE = Automatic;
				CURRENT_PROJECT_VERSION = 1;
				DEVELOPMENT_ASSET_PATHS = "\"Weather Text/Preview Content\"";
				DEVELOPMENT_TEAM = TG8S2SXA4G;
				ENABLE_PREVIEWS = YES;
				GENERATE_INFOPLIST_FILE = YES;
				INFOPLIST_KEY_CFBundleDisplayName = "Weather Text";
				INFOPLIST_KEY_NSLocationAlwaysAndWhenInUseUsageDescription = "Show weather in the complication";
				INFOPLIST_KEY_NSLocationAlwaysUsageDescription = "Show weather in the complication";
				INFOPLIST_KEY_NSLocationTemporaryUsageDescriptionDictionary = "Show weather in the complication";
				INFOPLIST_KEY_NSLocationUsageDescription = "Show weather in the complication";
				INFOPLIST_KEY_NSLocationWhenInUseUsageDescription = "Show weather in the complication";
				INFOPLIST_KEY_UISupportedInterfaceOrientations = "UIInterfaceOrientationPortrait UIInterfaceOrientationPortraitUpsideDown";
				INFOPLIST_KEY_WKWatchOnly = YES;
				LD_RUNPATH_SEARCH_PATHS = (
					"$(inherited)",
					"@executable_path/Frameworks",
				);
				MARKETING_VERSION = 1.0;
				PRODUCT_BUNDLE_IDENTIFIER = "info.persistent.Weather-Text.watchkitapp";
				PRODUCT_NAME = "$(TARGET_NAME)";
				SDKROOT = watchos;
				SKIP_INSTALL = YES;
				SWIFT_EMIT_LOC_STRINGS = YES;
				SWIFT_VERSION = 5.0;
				TARGETED_DEVICE_FAMILY = 4;
				WATCHOS_DEPLOYMENT_TARGET = 10.5;
			};
			name = Debug;
		};
		91555A842C1E438800C8300F /* Release */ = {
			isa = XCBuildConfiguration;
			buildSettings = {
				ALWAYS_EMBED_SWIFT_STANDARD_LIBRARIES = YES;
				ASSETCATALOG_COMPILER_APPICON_NAME = AppIcon;
				ASSETCATALOG_COMPILER_GLOBAL_ACCENT_COLOR_NAME = AccentColor;
				CODE_SIGN_ENTITLEMENTS = "Weather Text/Watch App.entitlements";
				CODE_SIGN_STYLE = Automatic;
				CURRENT_PROJECT_VERSION = 1;
				DEVELOPMENT_ASSET_PATHS = "\"Weather Text/Preview Content\"";
				DEVELOPMENT_TEAM = TG8S2SXA4G;
				ENABLE_PREVIEWS = YES;
				GENERATE_INFOPLIST_FILE = YES;
				INFOPLIST_KEY_CFBundleDisplayName = "Weather Text";
				INFOPLIST_KEY_NSLocationAlwaysAndWhenInUseUsageDescription = "Show weather in the complication";
				INFOPLIST_KEY_NSLocationAlwaysUsageDescription = "Show weather in the complication";
				INFOPLIST_KEY_NSLocationTemporaryUsageDescriptionDictionary = "Show weather in the complication";
				INFOPLIST_KEY_NSLocationUsageDescription = "Show weather in the complication";
				INFOPLIST_KEY_NSLocationWhenInUseUsageDescription = "Show weather in the complication";
				INFOPLIST_KEY_UISupportedInterfaceOrientations = "UIInterfaceOrientationPortrait UIInterfaceOrientationPortraitUpsideDown";
				INFOPLIST_KEY_WKWatchOnly = YES;
				LD_RUNPATH_SEARCH_PATHS = (
					"$(inherited)",
					"@executable_path/Frameworks",
				);
				MARKETING_VERSION = 1.0;
				PRODUCT_BUNDLE_IDENTIFIER = "info.persistent.Weather-Text.watchkitapp";
				PRODUCT_NAME = "$(TARGET_NAME)";
				SDKROOT = watchos;
				SKIP_INSTALL = YES;
				SWIFT_EMIT_LOC_STRINGS = YES;
				SWIFT_VERSION = 5.0;
				TARGETED_DEVICE_FAMILY = 4;
				VALIDATE_PRODUCT = YES;
				WATCHOS_DEPLOYMENT_TARGET = 10.5;
			};
			name = Release;
		};
		91555A872C1E438800C8300F /* Debug */ = {
			isa = XCBuildConfiguration;
			buildSettings = {
				ALWAYS_EMBED_SWIFT_STANDARD_LIBRARIES = YES;
				CODE_SIGN_STYLE = Automatic;
				CURRENT_PROJECT_VERSION = 1;
				DEVELOPMENT_TEAM = TG8S2SXA4G;
				INFOPLIST_KEY_CFBundleDisplayName = "Weather Text";
				MARKETING_VERSION = 1.0;
				PRODUCT_BUNDLE_IDENTIFIER = "info.persistent.Weather-Text";
				PRODUCT_NAME = "$(TARGET_NAME)";
				SDKROOT = iphoneos;
				SWIFT_VERSION = 5.0;
			};
			name = Debug;
		};
		91555A882C1E438800C8300F /* Release */ = {
			isa = XCBuildConfiguration;
			buildSettings = {
				ALWAYS_EMBED_SWIFT_STANDARD_LIBRARIES = YES;
				CODE_SIGN_STYLE = Automatic;
				CURRENT_PROJECT_VERSION = 1;
				DEVELOPMENT_TEAM = TG8S2SXA4G;
				INFOPLIST_KEY_CFBundleDisplayName = "Weather Text";
				MARKETING_VERSION = 1.0;
				PRODUCT_BUNDLE_IDENTIFIER = "info.persistent.Weather-Text";
				PRODUCT_NAME = "$(TARGET_NAME)";
				SDKROOT = iphoneos;
				SWIFT_VERSION = 5.0;
				VALIDATE_PRODUCT = YES;
			};
			name = Release;
		};
/* End XCBuildConfiguration section */

/* Begin XCConfigurationList section */
		911754A02C1E54A8002F2AED /* Build configuration list for PBXNativeTarget "ComplicationExtension" */ = {
			isa = XCConfigurationList;
			buildConfigurations = (
				9117549E2C1E54A8002F2AED /* Debug */,
				9117549F2C1E54A8002F2AED /* Release */,
			);
			defaultConfigurationIsVisible = 0;
			defaultConfigurationName = Release;
		};
		91555A692C1E438700C8300F /* Build configuration list for PBXProject "Weather Text" */ = {
			isa = XCConfigurationList;
			buildConfigurations = (
				91555A802C1E438800C8300F /* Debug */,
				91555A812C1E438800C8300F /* Release */,
			);
			defaultConfigurationIsVisible = 0;
			defaultConfigurationName = Release;
		};
		91555A822C1E438800C8300F /* Build configuration list for PBXNativeTarget "Watch App" */ = {
			isa = XCConfigurationList;
			buildConfigurations = (
				91555A832C1E438800C8300F /* Debug */,
				91555A842C1E438800C8300F /* Release */,
			);
			defaultConfigurationIsVisible = 0;
			defaultConfigurationName = Release;
		};
		91555A862C1E438800C8300F /* Build configuration list for PBXNativeTarget "Weather Text" */ = {
			isa = XCConfigurationList;
			buildConfigurations = (
				91555A872C1E438800C8300F /* Debug */,
				91555A882C1E438800C8300F /* Release */,
			);
			defaultConfigurationIsVisible = 0;
			defaultConfigurationName = Release;
		};
/* End XCConfigurationList section */
	};
	rootObject = 91555A662C1E438700C8300F /* Project object */;
}
